id: seed_46
name: lock-ordering-prevents-deadlock
status: active
destination: card
council_reviewed: true
purpose: a deadlock is two code paths taking the same two locks in opposite orders
trigger_when: the program hangs with no CPU use, or you're adding a second lock
trigger_matcher: deadlock|hang|frozen|stuck (waiting|acquiring)|two locks|lock order|mutex.*mutex
procedure:
- dump the stacks of all threads/tasks -- two of them blocked on acquire() is a deadlock
- define ONE global order for locks (e.g. always A before B) and make every path follow it
- 'better: hold one lock at a time; do the second phase after releasing the first'
supersedes: null
provenance:
- seed
created: 1788816592.0633593
record:
  uses: 96
  wins: 96
  losses: 0
  score_deltas:
  - 0.6545
  - 0.6231
  - 0.6545
  - 1.0
  - 0.7364
  - 1.0
  - 0.6545
  - 1.0
  - 0.5727
  - 1.0
  - 0.5727
  - 1.0
  - 0.6545
  - 1.0
  - 0.7364
  - 1.0
  - 0.5727
  - 1.0
  - 0.6545
  - 1.0
  - 0.5727
  - 1.0
  - 0.6545
  - 1.0
  - 0.6545
  - 1.0
  - 0.6545
  - 1.0
  - 0.5727
  - 1.0
  - 0.6545
  - 1.0
  - 0.5727
  - 1.0
  - 0.5727
  - 0.6231
  - 0.6545
  - 0.8308
  - 0.5727
  - 1.0
  - 0.5727
  - 0.8308
  - 0.6545
  - 1.0
  - 0.5727
  - 0.6231
  - 0.5727
  - 1.0
  - 0.5727
  - 1.0
  - 0.6545
  - 1.0
  - 0.6545
  - 1.0
  - 0.6545
  - 1.0
  - 0.7364
  - 1.0
  - 0.7364
  - 1.0
  - 0.7364
  - 0.8308
  - 0.5727
  - 1.0
  - 0.7364
  - 0.6231
  - 0.4909
  - 0.8308
  - 0.7364
  - 0.5538
  - 0.5727
  - 1.0
  - 0.6545
  - 0.6231
  - 0.7364
  - 0.8308
  - 0.6545
  - 0.6231
  - 0.7364
  - 0.6231
  - 0.7364
  - 1.0
  - 0.7364
  - 0.6231
  - 0.7364
  - 0.6231
  - 0.5727
  - 0.6231
  - 0.6545
  - 1.0
  - 0.5727
  - 0.6231
  - 0.7364
  - 0.6231
  - 0.6545
  - 1.0
  last_used_battle: zoid_mb_buildalot-apk_1788940184
  battles_available: 0
